
Microsoft Visual Studio Solution File, Format Version 12.00
# Visual Studio 2012
Project("{E24C65DC-7377-472B-9ABA-BC803B73C61A}") = "Graduate_Union_of_OUC", ".", "{39A43F97-E411-421B-BB00-8BCB196C6D04}"
	ProjectSection(WebsiteProperties) = preProject
		TargetFrameworkMoniker = ".NETFramework,Version%3Dv4.0"
		Debug.AspNetCompiler.VirtualPath = "/Graduate_Union_of_OUC"
		Debug.AspNetCompiler.PhysicalPath = "..\..\..\..\Desktop\Graduate_Union_of_OUC\"
		Debug.AspNetCompiler.TargetPath = "PrecompiledWeb\Graduate_Union_of_OUC\"
		Debug.AspNetCompiler.Updateable = "true"
		Debug.AspNetCompiler.ForceOverwrite = "true"
		Debug.AspNetCompiler.FixedNames = "false"
		Debug.AspNetCompiler.Debug = "True"
		Release.AspNetCompiler.VirtualPath = "/Graduate_Union_of_OUC"
		Release.AspNetCompiler.PhysicalPath = "..\..\..\..\Desktop\Graduate_Union_of_OUC\"
		Release.AspNetCompiler.TargetPath = "PrecompiledWeb\Graduate_Union_of_OUC\"
		Release.AspNetCompiler.Updateable = "true"
		Release.AspNetCompiler.ForceOverwrite = "true"
		Release.AspNetCompiler.FixedNames = "false"
		Release.AspNetCompiler.Debug = "False"
		VWDPort = "56010"
	EndProjectSection
EndProject
Global
	GlobalSection(SolutionConfigurationPlatforms) = preSolution
		Debug|Any CPU = Debug|Any CPU
	EndGlobalSection
	GlobalSection(ProjectConfigurationPlatforms) = postSolution
		{39A43F97-E411-421B-BB00-8BCB196C6D04}.Debug|Any CPU.ActiveCfg = Debug|Any CPU
		{39A43F97-E411-421B-BB00-8BCB196C6D04}.Debug|Any CPU.Build.0 = Debug|Any CPU
	EndGlobalSection
	GlobalSection(SolutionProperties) = preSolution
		HideSolutionNode = FALSE
	EndGlobalSection
EndGlobal
